{
  "nodes": {
    "flake-utils": {
      "locked": {
        "lastModified": 1667395993,
        "narHash": "sha256-nuEHfE/LcWyuSWnS8t12N1wc105Qtau+/OdUAjtQ0rA=",
        "owner": "numtide",
        "repo": "flake-utils",
        "rev": "5aed5285a952e0b949eb3ba02c12fa4fcfef535f",
        "type": "github"
      },
      "original": {
        "owner": "numtide",
        "repo": "flake-utils",
        "type": "github"
      }
    },
    "flake-utils_2": {
      "locked": {
        "lastModified": 1659877975,
        "narHash": "sha256-zllb8aq3YO3h8B/U0/J1WBgAL8EX5yWf5pMj3G0NAmc=",
        "owner": "numtide",
        "repo": "flake-utils",
        "rev": "c0e246b9b83f637f4681389ecabcb2681b4f3af0",
        "type": "github"
      },
      "original": {
        "owner": "numtide",
        "repo": "flake-utils",
        "type": "github"
      }
    },
    "java-debug-bin": {
      "flake": false,
      "locked": {
        "lastModified": 1665512021,
        "narHash": "sha256-YyPJ89CgTCNvUESLYj8Y/jwCui2huOwW6vVUCV/qWiM=",
        "owner": "rti",
        "repo": "java-debug",
        "rev": "da09391fcf745936270fb20ee13c5ab9055ceac1",
        "type": "github"
      },
      "original": {
        "owner": "rti",
        "ref": "0.40.0-bin",
        "repo": "java-debug",
        "type": "github"
      }
    },
    "neovim-flake": {
      "inputs": {
        "flake-utils": "flake-utils_2",
        "nixpkgs": [
          "nixpkgs"
        ]
      },
      "locked": {
        "dir": "contrib",
        "lastModified": 1667791414,
        "narHash": "sha256-mj5cN1YCYyYqUtSbqctPlIH52r+2vaE5lh3wn0KU1uI=",
        "owner": "neovim",
        "repo": "neovim",
        "rev": "8e28d8a370a2ebd855afe5363b4def2c61617ba6",
        "type": "github"
      },
      "original": {
        "dir": "contrib",
        "owner": "neovim",
        "ref": "release-0.8",
        "repo": "neovim",
        "type": "github"
      }
    },
    "nixpkgs": {
      "locked": {
        "lastModified": 1667771566,
        "narHash": "sha256-7dK/NMqbT/XVUCF7LN9Uy56KvXAej1S8AGdIEQ2VAOk=",
        "owner": "NixOS",
        "repo": "nixpkgs",
        "rev": "771e95dcf4d88acfcc64ceed7ba564062230a8f3",
        "type": "github"
      },
      "original": {
        "owner": "NixOS",
        "ref": "release-22.05",
        "repo": "nixpkgs",
        "type": "github"
      }
    },
    "nixpkgs-unstable": {
      "locked": {
        "lastModified": 1667629849,
        "narHash": "sha256-P+v+nDOFWicM4wziFK9S/ajF2lc0N2Rg9p6Y35uMoZI=",
        "owner": "NixOS",
        "repo": "nixpkgs",
        "rev": "3bacde6273b09a21a8ccfba15586fb165078fb62",
        "type": "github"
      },
      "original": {
        "owner": "NixOS",
        "ref": "nixos-unstable",
        "repo": "nixpkgs",
        "type": "github"
      }
    },
    "plugin_JoosepAlviste_nvim-ts-context-commentstring": {
      "flake": false,
      "locked": {
        "lastModified": 1667059356,
        "narHash": "sha256-l7T8D+JSwvdmrnX9LNJJMtsDeZwU2gG7k5q1PoHFzZw=",
        "owner": "JoosepAlviste",
        "repo": "nvim-ts-context-commentstring",
        "rev": "32d9627123321db65a4f158b72b757bcaef1a3f4",
        "type": "github"
      },
      "original": {
        "owner": "JoosepAlviste",
        "repo": "nvim-ts-context-commentstring",
        "type": "github"
      }
    },
    "plugin_Mofiqul_adwaita.nvim": {
      "flake": false,
      "locked": {
        "lastModified": 1666721082,
        "narHash": "sha256-wleBufaJEW80Z7RJEKPevh2AWBGqt9feRJrOgeczMsQ=",
        "owner": "Mofiqul",
        "repo": "adwaita.nvim",
        "rev": "36fb0e176082bd7b51764e53c0a43f5089100337",
        "type": "github"
      },
      "original": {
        "owner": "Mofiqul",
        "repo": "adwaita.nvim",
        "type": "github"
      }
    },
    "plugin_MunifTanjim_nui.nvim": {
      "flake": false,
      "locked": {
        "lastModified": 1666860078,
        "narHash": "sha256-Xs7QSwxPgxxwoqmWvGVqSPlr5IZPm5oaFHBqseVEEr4=",
        "owner": "MunifTanjim",
        "repo": "nui.nvim",
        "rev": "d12a6977846b2fa978bff89b439e509320854e10",
        "type": "github"
      },
      "original": {
        "owner": "MunifTanjim",
        "repo": "nui.nvim",
        "type": "github"
      }
    },
    "plugin_NTBBloodbath_rest.nvim": {
      "flake": false,
      "locked": {
        "lastModified": 1667508045,
        "narHash": "sha256-nXQwa3iGkcpA3T3yJIylp6c9YozAOGYZuoGcGTvV2X4=",
        "owner": "NTBBloodbath",
        "repo": "rest.nvim",
        "rev": "3d4bec4754b41fa1d1a2fe145cdcf3b269b3323a",
        "type": "github"
      },
      "original": {
        "owner": "NTBBloodbath",
        "repo": "rest.nvim",
        "type": "github"
      }
    },
    "plugin_Pocco81_auto-save.nvim": {
      "flake": false,
      "locked": {
        "lastModified": 1667329943,
        "narHash": "sha256-bWGil73YiCKZEaY7IuUOIU4Q7k7qCMjSeQ4I+cAVe44=",
        "owner": "Pocco81",
        "repo": "auto-save.nvim",
        "rev": "979b6c82f60cfa80f4cf437d77446d0ded0addf0",
        "type": "github"
      },
      "original": {
        "owner": "Pocco81",
        "repo": "auto-save.nvim",
        "type": "github"
      }
    },
    "plugin_SmiteshP_nvim-gps": {
      "flake": false,
      "locked": {
        "lastModified": 1656991502,
        "narHash": "sha256-o0pgk0IyeWmb4DOqlrpsWWl//E8geSUfoT06754Fz0k=",
        "owner": "SmiteshP",
        "repo": "nvim-gps",
        "rev": "f4734dff6fc2f33b5fd13412e56c4fce06650a74",
        "type": "github"
      },
      "original": {
        "owner": "SmiteshP",
        "repo": "nvim-gps",
        "type": "github"
      }
    },
    "plugin_airblade_vim-rooter": {
      "flake": false,
      "locked": {
        "lastModified": 1627488712,
        "narHash": "sha256-8VYGZDZbT7r/vRtMKqDlI2jD498QxwHmEliYmbmc6uw=",
        "owner": "airblade",
        "repo": "vim-rooter",
        "rev": "0415be8b5989e56f6c9e382a04906b7f719cfb38",
        "type": "github"
      },
      "original": {
        "owner": "airblade",
        "repo": "vim-rooter",
        "type": "github"
      }
    },
    "plugin_akinsho_toggleterm.nvim": {
      "flake": false,
      "locked": {
        "lastModified": 1667475764,
        "narHash": "sha256-gazqaTsK5hAFqk6OONqTsR/zmjN3P8fPKsYufBhkeRA=",
        "owner": "akinsho",
        "repo": "toggleterm.nvim",
        "rev": "3ba683827c623affb4d9aa518e97b34db2623093",
        "type": "github"
      },
      "original": {
        "owner": "akinsho",
        "repo": "toggleterm.nvim",
        "type": "github"
      }
    },
    "plugin_bfredl_nvim-luadev": {
      "flake": false,
      "locked": {
        "lastModified": 1643236404,
        "narHash": "sha256-1kZG1fiZgLAKPUgcnTHpAjIaEAssEI1xdRM7817/PF8=",
        "owner": "bfredl",
        "repo": "nvim-luadev",
        "rev": "2a2c242bd751c289cfc1bc27f357925f68eba098",
        "type": "github"
      },
      "original": {
        "owner": "bfredl",
        "repo": "nvim-luadev",
        "type": "github"
      }
    },
    "plugin_bkad_CamelCaseMotion": {
      "flake": false,
      "locked": {
        "lastModified": 1575314139,
        "narHash": "sha256-yTDYruJB4vDOivfK9gFykXqUUa4M25JYXQp5mhpY2nk=",
        "owner": "bkad",
        "repo": "CamelCaseMotion",
        "rev": "de439d7c06cffd0839a29045a103fe4b44b15cdc",
        "type": "github"
      },
      "original": {
        "owner": "bkad",
        "repo": "CamelCaseMotion",
        "type": "github"
      }
    },
    "plugin_famiu_bufdelete.nvim": {
      "flake": false,
      "locked": {
        "lastModified": 1667394814,
        "narHash": "sha256-lc4z8iOtXfC1XiTWW6tJGBB5VRyux3KEbYRFiW045s0=",
        "owner": "famiu",
        "repo": "bufdelete.nvim",
        "rev": "027d356a5caec51881089886893c197f0c27fb48",
        "type": "github"
      },
      "original": {
        "owner": "famiu",
        "repo": "bufdelete.nvim",
        "type": "github"
      }
    },
    "plugin_folke_noice.nvim": {
      "flake": false,
      "locked": {
        "lastModified": 1667060119,
        "narHash": "sha256-YLvsu1A0pjIXA7Fq/MVwot5eykZbrdaKh85szVAEXpQ=",
        "owner": "folke",
        "repo": "noice.nvim",
        "rev": "7b62ccfc236e51e78e5b2fc7d3068eacd65e4590",
        "type": "github"
      },
      "original": {
        "owner": "folke",
        "repo": "noice.nvim",
        "type": "github"
      }
    },
    "plugin_folke_which-key.nvim": {
      "flake": false,
      "locked": {
        "lastModified": 1666956294,
        "narHash": "sha256-IbJP6j+M+POPhX4YbewTJiSoELvDo6y+vF0RREqqm4c=",
        "owner": "folke",
        "repo": "which-key.nvim",
        "rev": "61553aeb3d5ca8c11eea8be6eadf478062982ac9",
        "type": "github"
      },
      "original": {
        "owner": "folke",
        "repo": "which-key.nvim",
        "type": "github"
      }
    },
    "plugin_folke_zen-mode.nvim": {
      "flake": false,
      "locked": {
        "lastModified": 1662368212,
        "narHash": "sha256-n69FYW16uns+OXTsPCUeEPF5Z3dOJq997O/XTttpKBI=",
        "owner": "folke",
        "repo": "zen-mode.nvim",
        "rev": "6f5702db4fd4a4c9a212f8de3b7b982f3d93b03c",
        "type": "github"
      },
      "original": {
        "owner": "folke",
        "repo": "zen-mode.nvim",
        "type": "github"
      }
    },
    "plugin_glepnir_dashboard-nvim": {
      "flake": false,
      "locked": {
        "lastModified": 1667034600,
        "narHash": "sha256-BrrHaMgxfLDmAR09A/WZgrIWzhoSXKm6NH+qe3IA//A=",
        "owner": "glepnir",
        "repo": "dashboard-nvim",
        "rev": "1aab263f4773106abecae06e684f762d20ef587e",
        "type": "github"
      },
      "original": {
        "owner": "glepnir",
        "repo": "dashboard-nvim",
        "type": "github"
      }
    },
    "plugin_hrsh7th_cmp-buffer": {
      "flake": false,
      "locked": {
        "lastModified": 1660101488,
        "narHash": "sha256-dG4U7MtnXThoa/PD+qFtCt76MQ14V1wX8GMYcvxEnbM=",
        "owner": "hrsh7th",
        "repo": "cmp-buffer",
        "rev": "3022dbc9166796b644a841a02de8dd1cc1d311fa",
        "type": "github"
      },
      "original": {
        "owner": "hrsh7th",
        "repo": "cmp-buffer",
        "type": "github"
      }
    },
    "plugin_hrsh7th_cmp-cmdline": {
      "flake": false,
      "locked": {
        "lastModified": 1663329933,
        "narHash": "sha256-IvMI9wHN1llFLpgMGwm6yr60UJ6gaWBnZaxNHXCDOwI=",
        "owner": "hrsh7th",
        "repo": "cmp-cmdline",
        "rev": "c66c379915d68fb52ad5ad1195cdd4265a95ef1e",
        "type": "github"
      },
      "original": {
        "owner": "hrsh7th",
        "repo": "cmp-cmdline",
        "type": "github"
      }
    },
    "plugin_hrsh7th_cmp-nvim-lsp": {
      "flake": false,
      "locked": {
        "lastModified": 1667026972,
        "narHash": "sha256-amY87Q2HQseMoEFJW8YFf6k5UUWru52498EoDs4m9r8=",
        "owner": "hrsh7th",
        "repo": "cmp-nvim-lsp",
        "rev": "78924d1d677b29b3d1fe429864185341724ee5a2",
        "type": "github"
      },
      "original": {
        "owner": "hrsh7th",
        "repo": "cmp-nvim-lsp",
        "type": "github"
      }
    },
    "plugin_hrsh7th_cmp-nvim-lsp-signature-help": {
      "flake": false,
      "locked": {
        "lastModified": 1665756190,
        "narHash": "sha256-QISg2HRSXG7tlO1EI4J7lvh/gmyVii4+QUBzD3ZjNY4=",
        "owner": "hrsh7th",
        "repo": "cmp-nvim-lsp-signature-help",
        "rev": "d2768cb1b83de649d57d967085fe73c5e01f8fd7",
        "type": "github"
      },
      "original": {
        "owner": "hrsh7th",
        "repo": "cmp-nvim-lsp-signature-help",
        "type": "github"
      }
    },
    "plugin_hrsh7th_cmp-path": {
      "flake": false,
      "locked": {
        "lastModified": 1664784283,
        "narHash": "sha256-thppiiV3wjIaZnAXmsh7j3DUc6ceSCvGzviwFUnoPaI=",
        "owner": "hrsh7th",
        "repo": "cmp-path",
        "rev": "91ff86cd9c29299a64f968ebb45846c485725f23",
        "type": "github"
      },
      "original": {
        "owner": "hrsh7th",
        "repo": "cmp-path",
        "type": "github"
      }
    },
    "plugin_hrsh7th_cmp-vsnip": {
      "flake": false,
      "locked": {
        "lastModified": 1666011854,
        "narHash": "sha256-YwtqH3ZTGGERN/cP1X/tXPcvSAx5xR7znZsCFFQQC7M=",
        "owner": "hrsh7th",
        "repo": "cmp-vsnip",
        "rev": "1ae05c6c867d9ad44bce811056e861e0d5c531cb",
        "type": "github"
      },
      "original": {
        "owner": "hrsh7th",
        "repo": "cmp-vsnip",
        "type": "github"
      }
    },
    "plugin_hrsh7th_nvim-cmp": {
      "flake": false,
      "locked": {
        "lastModified": 1667005481,
        "narHash": "sha256-FqCrXjjMbYd8D7BdvixQeMGCL1FF551LEfBW1f0o6/w=",
        "owner": "hrsh7th",
        "repo": "nvim-cmp",
        "rev": "9bb8ee6e2d6ab3c8cc53323b79f05886bc722faa",
        "type": "github"
      },
      "original": {
        "owner": "hrsh7th",
        "repo": "nvim-cmp",
        "type": "github"
      }
    },
    "plugin_hrsh7th_vim-vsnip": {
      "flake": false,
      "locked": {
        "lastModified": 1667192140,
        "narHash": "sha256-MZ0vpBOXfwDuOrfRjTNfpc07+qEzjKWxrT9YTUucyX0=",
        "owner": "hrsh7th",
        "repo": "vim-vsnip",
        "rev": "ceeee48145d27f0b3986ab6f75f52a2449974603",
        "type": "github"
      },
      "original": {
        "owner": "hrsh7th",
        "repo": "vim-vsnip",
        "type": "github"
      }
    },
    "plugin_jamessan_vim-gnupg": {
      "flake": false,
      "locked": {
        "lastModified": 1652927127,
        "narHash": "sha256-B6hSEeNjJdDUDjM0DlmAxc3zRRcJz91//GPk6rCWn6I=",
        "owner": "jamessan",
        "repo": "vim-gnupg",
        "rev": "f9b608f29003dfde6450931dc0f495a912973a88",
        "type": "github"
      },
      "original": {
        "owner": "jamessan",
        "repo": "vim-gnupg",
        "type": "github"
      }
    },
    "plugin_jose-elias-alvarez_null-ls.nvim": {
      "flake": false,
      "locked": {
        "lastModified": 1667481769,
        "narHash": "sha256-Lck9hy888BCs7ZbewI3Eb/LrZlZjDjMESGECq1Zpx7g=",
        "owner": "jose-elias-alvarez",
        "repo": "null-ls.nvim",
        "rev": "1ac465b1617b28f753cb875d8ac1d0f23c0b96d4",
        "type": "github"
      },
      "original": {
        "owner": "jose-elias-alvarez",
        "repo": "null-ls.nvim",
        "type": "github"
      }
    },
    "plugin_kosayoda_nvim-lightbulb": {
      "flake": false,
      "locked": {
        "lastModified": 1661474119,
        "narHash": "sha256-nw6H/dS4dHdrobnrfJVa8urWrMnbTWrA5bQJy9xbKXY=",
        "owner": "kosayoda",
        "repo": "nvim-lightbulb",
        "rev": "56b9ce31ec9d09d560fe8787c0920f76bc208297",
        "type": "github"
      },
      "original": {
        "owner": "kosayoda",
        "repo": "nvim-lightbulb",
        "type": "github"
      }
    },
    "plugin_leafOfTree_vim-vue-plugin": {
      "flake": false,
      "locked": {
        "lastModified": 1665468981,
        "narHash": "sha256-/G4N1qEPCGFYLgphBjFK+BqpIqZHheYL17ON1FJrbIg=",
        "owner": "leafOfTree",
        "repo": "vim-vue-plugin",
        "rev": "84ac1d235967acbf322fb4dbdf7c2ebc87e49955",
        "type": "github"
      },
      "original": {
        "owner": "leafOfTree",
        "repo": "vim-vue-plugin",
        "type": "github"
      }
    },
    "plugin_lewis6991_gitsigns.nvim": {
      "flake": false,
      "locked": {
        "lastModified": 1667556828,
        "narHash": "sha256-JMfsMCxKm+a+pL8p5jTKDYpZin8JCVMsj6fuXv2mRA8=",
        "owner": "lewis6991",
        "repo": "gitsigns.nvim",
        "rev": "2b4fc5e2ae8b546b1a2b4ab1bbc4283248e52a17",
        "type": "github"
      },
      "original": {
        "owner": "lewis6991",
        "repo": "gitsigns.nvim",
        "type": "github"
      }
    },
    "plugin_luukvbaal_stabilize.nvim": {
      "flake": false,
      "locked": {
        "lastModified": 1665059801,
        "narHash": "sha256-BrEPe1I5XQ0aVLScZfZPzczvDig9i6MOp6xZPm64Y0Y=",
        "owner": "luukvbaal",
        "repo": "stabilize.nvim",
        "rev": "34069870a8e72632c5447188e638e1c6bfebc353",
        "type": "github"
      },
      "original": {
        "owner": "luukvbaal",
        "repo": "stabilize.nvim",
        "type": "github"
      }
    },
    "plugin_mcchrish_zenbones.nvim": {
      "flake": false,
      "locked": {
        "lastModified": 1666403433,
        "narHash": "sha256-KpFkXeXMk/C8Wwu7VtOc51/x/DMxPmZxNUhc8gVLgww=",
        "owner": "mcchrish",
        "repo": "zenbones.nvim",
        "rev": "0f7e9eb1ef309098e69e5e317508e9a7af299d94",
        "type": "github"
      },
      "original": {
        "owner": "mcchrish",
        "repo": "zenbones.nvim",
        "type": "github"
      }
    },
    "plugin_mfussenegger_nvim-dap": {
      "flake": false,
      "locked": {
        "lastModified": 1667648575,
        "narHash": "sha256-9TcJNtZyde8DmKYb87q/4BTTAJVyGEO+ZxwE83Q2jmE=",
        "owner": "mfussenegger",
        "repo": "nvim-dap",
        "rev": "61643680dcb771a29073cd432894e2f81a7c2ae3",
        "type": "github"
      },
      "original": {
        "owner": "mfussenegger",
        "repo": "nvim-dap",
        "type": "github"
      }
    },
    "plugin_mfussenegger_nvim-jdtls": {
      "flake": false,
      "locked": {
        "lastModified": 1667297177,
        "narHash": "sha256-NUm4JvfkzVxhSxVrc6F0msJYVrVaG4Tq4bYH1lkANYM=",
        "owner": "mfussenegger",
        "repo": "nvim-jdtls",
        "rev": "7bc572fc357d7dec8d3ca620b53e763776472582",
        "type": "github"
      },
      "original": {
        "owner": "mfussenegger",
        "repo": "nvim-jdtls",
        "type": "github"
      }
    },
    "plugin_neovim_nvim-lspconfig": {
      "flake": false,
      "locked": {
        "lastModified": 1667729800,
        "narHash": "sha256-mXWCvnoXHlBLPGSL9yn5MMYl9wYM37Vwm9QSnocrec0=",
        "owner": "neovim",
        "repo": "nvim-lspconfig",
        "rev": "1806fb204b2bcb58b63b7b5fad7ba6e74987d5a0",
        "type": "github"
      },
      "original": {
        "owner": "neovim",
        "repo": "nvim-lspconfig",
        "type": "github"
      }
    },
    "plugin_norcalli_nvim-colorizer.lua": {
      "flake": false,
      "locked": {
        "lastModified": 1591879145,
        "narHash": "sha256-6YrnItxExL2C8pNIdLd+hXCjsB2MbZANwWkah6dreD8=",
        "owner": "norcalli",
        "repo": "nvim-colorizer.lua",
        "rev": "36c610a9717cc9ec426a07c8e6bf3b3abcb139d6",
        "type": "github"
      },
      "original": {
        "owner": "norcalli",
        "repo": "nvim-colorizer.lua",
        "type": "github"
      }
    },
    "plugin_nvim-lua_plenary.nvim": {
      "flake": false,
      "locked": {
        "lastModified": 1664607953,
        "narHash": "sha256-lIdBrVpi+vUudeotjFAuw4C0VT8TPoFE9cVVAQEsAYU=",
        "owner": "nvim-lua",
        "repo": "plenary.nvim",
        "rev": "4b7e52044bbb84242158d977a50c4cbcd85070c7",
        "type": "github"
      },
      "original": {
        "owner": "nvim-lua",
        "repo": "plenary.nvim",
        "type": "github"
      }
    },
    "plugin_nvim-lualine_lualine.nvim": {
      "flake": false,
      "locked": {
        "lastModified": 1666536099,
        "narHash": "sha256-pjpxV59Ej7tCvReP5nFi/h1veGwzLdw3PILC89+f488=",
        "owner": "nvim-lualine",
        "repo": "lualine.nvim",
        "rev": "3325d5d43a7a2bc9baeef2b7e58e1d915278beaf",
        "type": "github"
      },
      "original": {
        "owner": "nvim-lualine",
        "repo": "lualine.nvim",
        "type": "github"
      }
    },
    "plugin_nvim-telescope_telescope-dap.nvim": {
      "flake": false,
      "locked": {
        "lastModified": 1616786019,
        "narHash": "sha256-aGiBknPDjYL4Vlp0DKbJpsKiEaA5dzgg87FQvgThl7k=",
        "owner": "nvim-telescope",
        "repo": "telescope-dap.nvim",
        "rev": "b4134fff5cbaf3b876e6011212ed60646e56f060",
        "type": "github"
      },
      "original": {
        "owner": "nvim-telescope",
        "repo": "telescope-dap.nvim",
        "type": "github"
      }
    },
    "plugin_nvim-telescope_telescope.nvim": {
      "flake": false,
      "locked": {
        "lastModified": 1667752981,
        "narHash": "sha256-H/dXtLeNu9ESuznWtVzUQL7MB+LkiXuf+s22a8QBp5Q=",
        "owner": "nvim-telescope",
        "repo": "telescope.nvim",
        "rev": "cc77713294892c5bbce26adee665114250624e6b",
        "type": "github"
      },
      "original": {
        "owner": "nvim-telescope",
        "repo": "telescope.nvim",
        "type": "github"
      }
    },
    "plugin_nvim-tree_nvim-tree.lua": {
      "flake": false,
      "locked": {
        "lastModified": 1667701944,
        "narHash": "sha256-n/EIlpVbcU7St0lBOb4dUm0EkwcNiZRpfZTrpDjdiUo=",
        "owner": "nvim-tree",
        "repo": "nvim-tree.lua",
        "rev": "7e892767bdd9660b7880cf3627d454cfbc701e9b",
        "type": "github"
      },
      "original": {
        "owner": "nvim-tree",
        "repo": "nvim-tree.lua",
        "type": "github"
      }
    },
    "plugin_nvim-tree_nvim-web-devicons": {
      "flake": false,
      "locked": {
        "lastModified": 1667692722,
        "narHash": "sha256-dQrdhLptQCC/Gok188rYYWhbC/Hp55K7sRMLLW7X75w=",
        "owner": "nvim-tree",
        "repo": "nvim-web-devicons",
        "rev": "520776f30a3b39ed56402bffbdae57549e778b40",
        "type": "github"
      },
      "original": {
        "owner": "nvim-tree",
        "repo": "nvim-web-devicons",
        "type": "github"
      }
    },
    "plugin_nvim-treesitter_nvim-treesitter-textobjects": {
      "flake": false,
      "locked": {
        "lastModified": 1666041847,
        "narHash": "sha256-4oU+uKfS/Lu72spAYToGljqBMNnc+lc2H1QIbWtrSoU=",
        "owner": "nvim-treesitter",
        "repo": "nvim-treesitter-textobjects",
        "rev": "13739a5705d9592cbe7da372576363dc8ea5f723",
        "type": "github"
      },
      "original": {
        "owner": "nvim-treesitter",
        "repo": "nvim-treesitter-textobjects",
        "type": "github"
      }
    },
    "plugin_p00f_nvim-ts-rainbow": {
      "flake": false,
      "locked": {
        "lastModified": 1667586234,
        "narHash": "sha256-71/dbTPL3zB3oZaHTMvPWmcsr7cyctymzGnRG31H/6w=",
        "owner": "p00f",
        "repo": "nvim-ts-rainbow",
        "rev": "064fd6c0a15fae7f876c2c6dd4524ca3fad96750",
        "type": "github"
      },
      "original": {
        "owner": "p00f",
        "repo": "nvim-ts-rainbow",
        "type": "github"
      }
    },
    "plugin_rafamadriz_friendly-snippets": {
      "flake": false,
      "locked": {
        "lastModified": 1666925110,
        "narHash": "sha256-JrAieLdZOYnxfUZP8e+kk11um/OBqs9ZT01ZoTiVOs4=",
        "owner": "rafamadriz",
        "repo": "friendly-snippets",
        "rev": "c93311fbcc840210a2c0db574177d84a35a2c9c1",
        "type": "github"
      },
      "original": {
        "owner": "rafamadriz",
        "repo": "friendly-snippets",
        "type": "github"
      }
    },
    "plugin_ray-x_lsp_signature.nvim": {
      "flake": false,
      "locked": {
        "lastModified": 1667088231,
        "narHash": "sha256-lyHxk+BgwHGYkypeoho9gZOHs/Ue7RY59Wma0XozgK8=",
        "owner": "ray-x",
        "repo": "lsp_signature.nvim",
        "rev": "7a1845e8b5fc68dc5ea2a1a7d2d2b04395b6b190",
        "type": "github"
      },
      "original": {
        "owner": "ray-x",
        "repo": "lsp_signature.nvim",
        "type": "github"
      }
    },
    "plugin_rcarriga_nvim-dap-ui": {
      "flake": false,
      "locked": {
        "lastModified": 1667647099,
        "narHash": "sha256-gsszRI4QPCSnHXSPZlYNMyniZf3VUeIpi+pkYnW9Mmc=",
        "owner": "rcarriga",
        "repo": "nvim-dap-ui",
        "rev": "0f385f7f5268f408a546772c049271121b0d71c9",
        "type": "github"
      },
      "original": {
        "owner": "rcarriga",
        "repo": "nvim-dap-ui",
        "type": "github"
      }
    },
    "plugin_rktjmp_lush.nvim": {
      "flake": false,
      "locked": {
        "lastModified": 1666431065,
        "narHash": "sha256-M26Qb9woh714YcNxlzIqhQGUjpVtEHf4ZsXlCsX8vm4=",
        "owner": "rktjmp",
        "repo": "lush.nvim",
        "rev": "57e0b8574d1edf00f16e7ee82ea39bbe19825cb1",
        "type": "github"
      },
      "original": {
        "owner": "rktjmp",
        "repo": "lush.nvim",
        "type": "github"
      }
    },
    "plugin_sbdchd_neoformat": {
      "flake": false,
      "locked": {
        "lastModified": 1667602869,
        "narHash": "sha256-h+V+5k/udtb1vLJLjKK4VZO687GeiT6b/zvMmP7wKLE=",
        "owner": "sbdchd",
        "repo": "neoformat",
        "rev": "bb32035068b66004f79933ff09edeac273d38c1a",
        "type": "github"
      },
      "original": {
        "owner": "sbdchd",
        "repo": "neoformat",
        "type": "github"
      }
    },
    "plugin_simrat39_symbols-outline.nvim": {
      "flake": false,
      "locked": {
        "lastModified": 1661735056,
        "narHash": "sha256-R0xmXr0lCsRksoSQXCjLJ/pGLRMMK7sUuUdaUv7BknQ=",
        "owner": "simrat39",
        "repo": "symbols-outline.nvim",
        "rev": "6a3ed24c5631da7a5d418bced57c16b32af7747c",
        "type": "github"
      },
      "original": {
        "owner": "simrat39",
        "repo": "symbols-outline.nvim",
        "type": "github"
      }
    },
    "plugin_sindrets_diffview.nvim": {
      "flake": false,
      "locked": {
        "lastModified": 1666791452,
        "narHash": "sha256-d0AfrZkS6XUw/q6VruLdO/uGQ74XD6jRv1V+x2EbjwU=",
        "owner": "sindrets",
        "repo": "diffview.nvim",
        "rev": "94a3422415a092db1f2e00af5bd7db4ec1c6b8d7",
        "type": "github"
      },
      "original": {
        "owner": "sindrets",
        "repo": "diffview.nvim",
        "type": "github"
      }
    },
    "plugin_stevearc_dressing.nvim": {
      "flake": false,
      "locked": {
        "lastModified": 1664809928,
        "narHash": "sha256-qn84Ny9JsWRMFMYu/sir2RwlCk6IP+GSr7Zxn/Du+gw=",
        "owner": "stevearc",
        "repo": "dressing.nvim",
        "rev": "12b808a6867e8c38015488ad6cee4e3d58174182",
        "type": "github"
      },
      "original": {
        "owner": "stevearc",
        "repo": "dressing.nvim",
        "type": "github"
      }
    },
    "plugin_theHamsta_nvim-dap-virtual-text": {
      "flake": false,
      "locked": {
        "lastModified": 1659739008,
        "narHash": "sha256-6QRDR0Oi2lQJGD2yiHr+NeVUeW0jAWY0Cj0gQ1dlBkM=",
        "owner": "theHamsta",
        "repo": "nvim-dap-virtual-text",
        "rev": "2971ce3e89b1711cc26e27f73d3f854b559a77d4",
        "type": "github"
      },
      "original": {
        "owner": "theHamsta",
        "repo": "nvim-dap-virtual-text",
        "type": "github"
      }
    },
    "plugin_tpope_vim-commentary": {
      "flake": false,
      "locked": {
        "lastModified": 1667247706,
        "narHash": "sha256-wPNAXFC3rgYJ1YkyyMqfUxiiozNldrk5ifpNHhNifyY=",
        "owner": "tpope",
        "repo": "vim-commentary",
        "rev": "e87cd90dc09c2a203e13af9704bd0ef79303d755",
        "type": "github"
      },
      "original": {
        "owner": "tpope",
        "repo": "vim-commentary",
        "type": "github"
      }
    },
    "plugin_tpope_vim-fugitive": {
      "flake": false,
      "locked": {
        "lastModified": 1667275448,
        "narHash": "sha256-SnjifQggsXFK3PYkz2QAxBdOe/9hOU8jbEbfkNEEhN0=",
        "owner": "tpope",
        "repo": "vim-fugitive",
        "rev": "01f3e0af928857128eec8d998948b80ed1678c18",
        "type": "github"
      },
      "original": {
        "owner": "tpope",
        "repo": "vim-fugitive",
        "type": "github"
      }
    },
    "plugin_tpope_vim-repeat": {
      "flake": false,
      "locked": {
        "lastModified": 1611544268,
        "narHash": "sha256-8rfZa3uKXB3TRCqaDHZ6DfzNbm7WaYnLvmTNzYtnKHg=",
        "owner": "tpope",
        "repo": "vim-repeat",
        "rev": "24afe922e6a05891756ecf331f39a1f6743d3d5a",
        "type": "github"
      },
      "original": {
        "owner": "tpope",
        "repo": "vim-repeat",
        "type": "github"
      }
    },
    "plugin_tpope_vim-sleuth": {
      "flake": false,
      "locked": {
        "lastModified": 1665083456,
        "narHash": "sha256-764rtPxcdSs5j0yo4atPNqduEe4GvryOmaIJtCqxVJU=",
        "owner": "tpope",
        "repo": "vim-sleuth",
        "rev": "8332f123a63c739c870c96907d987cc3ff719d24",
        "type": "github"
      },
      "original": {
        "owner": "tpope",
        "repo": "vim-sleuth",
        "type": "github"
      }
    },
    "plugin_tpope_vim-speeddating": {
      "flake": false,
      "locked": {
        "lastModified": 1665422746,
        "narHash": "sha256-JLQTHkJRCEH/z476cmbyLpQBYcy6tUP1/cmxaaf1kH8=",
        "owner": "tpope",
        "repo": "vim-speeddating",
        "rev": "5a36fd29df63ea3f65562bd2bb837be48a5ec90b",
        "type": "github"
      },
      "original": {
        "owner": "tpope",
        "repo": "vim-speeddating",
        "type": "github"
      }
    },
    "plugin_tpope_vim-surround": {
      "flake": false,
      "locked": {
        "lastModified": 1666730476,
        "narHash": "sha256-DZE5tkmnT+lAvx/RQHaDEgEJXRKsy56KJY919xiH1lE=",
        "owner": "tpope",
        "repo": "vim-surround",
        "rev": "3d188ed2113431cf8dac77be61b842acb64433d9",
        "type": "github"
      },
      "original": {
        "owner": "tpope",
        "repo": "vim-surround",
        "type": "github"
      }
    },
    "plugin_weilbith_nvim-code-action-menu": {
      "flake": false,
      "locked": {
        "lastModified": 1665127936,
        "narHash": "sha256-QvSP4ADZV0bCJTv3lwUNcVN/wr5XZ04d1/KIzKfLbqM=",
        "owner": "weilbith",
        "repo": "nvim-code-action-menu",
        "rev": "58e12501ea028ff1171f8f06ea53891f7c6e1c3f",
        "type": "github"
      },
      "original": {
        "owner": "weilbith",
        "repo": "nvim-code-action-menu",
        "type": "github"
      }
    },
    "plugin_windwp_nvim-autopairs": {
      "flake": false,
      "locked": {
        "lastModified": 1666867571,
        "narHash": "sha256-O9QRLKr6I2csBxKE6fyvkcA7Vgs7PjaQSC4bB7yaWtE=",
        "owner": "windwp",
        "repo": "nvim-autopairs",
        "rev": "6b6e35fc9aca1030a74cc022220bc22ea6c5daf4",
        "type": "github"
      },
      "original": {
        "owner": "windwp",
        "repo": "nvim-autopairs",
        "type": "github"
      }
    },
    "plugin_windwp_nvim-ts-autotag": {
      "flake": false,
      "locked": {
        "lastModified": 1660219579,
        "narHash": "sha256-ltGiYNXWpWSI5RrWTVR+k6SZjcZbsHtH5m9uHTMKnzM=",
        "owner": "windwp",
        "repo": "nvim-ts-autotag",
        "rev": "fdefe46c6807441460f11f11a167a2baf8e4534b",
        "type": "github"
      },
      "original": {
        "owner": "windwp",
        "repo": "nvim-ts-autotag",
        "type": "github"
      }
    },
    "root": {
      "inputs": {
        "flake-utils": "flake-utils",
        "java-debug-bin": "java-debug-bin",
        "neovim-flake": "neovim-flake",
        "nixpkgs": "nixpkgs",
        "nixpkgs-unstable": "nixpkgs-unstable",
        "plugin_JoosepAlviste_nvim-ts-context-commentstring": "plugin_JoosepAlviste_nvim-ts-context-commentstring",
        "plugin_Mofiqul_adwaita.nvim": "plugin_Mofiqul_adwaita.nvim",
        "plugin_MunifTanjim_nui.nvim": "plugin_MunifTanjim_nui.nvim",
        "plugin_NTBBloodbath_rest.nvim": "plugin_NTBBloodbath_rest.nvim",
        "plugin_Pocco81_auto-save.nvim": "plugin_Pocco81_auto-save.nvim",
        "plugin_SmiteshP_nvim-gps": "plugin_SmiteshP_nvim-gps",
        "plugin_airblade_vim-rooter": "plugin_airblade_vim-rooter",
        "plugin_akinsho_toggleterm.nvim": "plugin_akinsho_toggleterm.nvim",
        "plugin_bfredl_nvim-luadev": "plugin_bfredl_nvim-luadev",
        "plugin_bkad_CamelCaseMotion": "plugin_bkad_CamelCaseMotion",
        "plugin_famiu_bufdelete.nvim": "plugin_famiu_bufdelete.nvim",
        "plugin_folke_noice.nvim": "plugin_folke_noice.nvim",
        "plugin_folke_which-key.nvim": "plugin_folke_which-key.nvim",
        "plugin_folke_zen-mode.nvim": "plugin_folke_zen-mode.nvim",
        "plugin_glepnir_dashboard-nvim": "plugin_glepnir_dashboard-nvim",
        "plugin_hrsh7th_cmp-buffer": "plugin_hrsh7th_cmp-buffer",
        "plugin_hrsh7th_cmp-cmdline": "plugin_hrsh7th_cmp-cmdline",
        "plugin_hrsh7th_cmp-nvim-lsp": "plugin_hrsh7th_cmp-nvim-lsp",
        "plugin_hrsh7th_cmp-nvim-lsp-signature-help": "plugin_hrsh7th_cmp-nvim-lsp-signature-help",
        "plugin_hrsh7th_cmp-path": "plugin_hrsh7th_cmp-path",
        "plugin_hrsh7th_cmp-vsnip": "plugin_hrsh7th_cmp-vsnip",
        "plugin_hrsh7th_nvim-cmp": "plugin_hrsh7th_nvim-cmp",
        "plugin_hrsh7th_vim-vsnip": "plugin_hrsh7th_vim-vsnip",
        "plugin_jamessan_vim-gnupg": "plugin_jamessan_vim-gnupg",
        "plugin_jose-elias-alvarez_null-ls.nvim": "plugin_jose-elias-alvarez_null-ls.nvim",
        "plugin_kosayoda_nvim-lightbulb": "plugin_kosayoda_nvim-lightbulb",
        "plugin_leafOfTree_vim-vue-plugin": "plugin_leafOfTree_vim-vue-plugin",
        "plugin_lewis6991_gitsigns.nvim": "plugin_lewis6991_gitsigns.nvim",
        "plugin_luukvbaal_stabilize.nvim": "plugin_luukvbaal_stabilize.nvim",
        "plugin_mcchrish_zenbones.nvim": "plugin_mcchrish_zenbones.nvim",
        "plugin_mfussenegger_nvim-dap": "plugin_mfussenegger_nvim-dap",
        "plugin_mfussenegger_nvim-jdtls": "plugin_mfussenegger_nvim-jdtls",
        "plugin_neovim_nvim-lspconfig": "plugin_neovim_nvim-lspconfig",
        "plugin_norcalli_nvim-colorizer.lua": "plugin_norcalli_nvim-colorizer.lua",
        "plugin_nvim-lua_plenary.nvim": "plugin_nvim-lua_plenary.nvim",
        "plugin_nvim-lualine_lualine.nvim": "plugin_nvim-lualine_lualine.nvim",
        "plugin_nvim-telescope_telescope-dap.nvim": "plugin_nvim-telescope_telescope-dap.nvim",
        "plugin_nvim-telescope_telescope.nvim": "plugin_nvim-telescope_telescope.nvim",
        "plugin_nvim-tree_nvim-tree.lua": "plugin_nvim-tree_nvim-tree.lua",
        "plugin_nvim-tree_nvim-web-devicons": "plugin_nvim-tree_nvim-web-devicons",
        "plugin_nvim-treesitter_nvim-treesitter-textobjects": "plugin_nvim-treesitter_nvim-treesitter-textobjects",
        "plugin_p00f_nvim-ts-rainbow": "plugin_p00f_nvim-ts-rainbow",
        "plugin_rafamadriz_friendly-snippets": "plugin_rafamadriz_friendly-snippets",
        "plugin_ray-x_lsp_signature.nvim": "plugin_ray-x_lsp_signature.nvim",
        "plugin_rcarriga_nvim-dap-ui": "plugin_rcarriga_nvim-dap-ui",
        "plugin_rktjmp_lush.nvim": "plugin_rktjmp_lush.nvim",
        "plugin_sbdchd_neoformat": "plugin_sbdchd_neoformat",
        "plugin_simrat39_symbols-outline.nvim": "plugin_simrat39_symbols-outline.nvim",
        "plugin_sindrets_diffview.nvim": "plugin_sindrets_diffview.nvim",
        "plugin_stevearc_dressing.nvim": "plugin_stevearc_dressing.nvim",
        "plugin_theHamsta_nvim-dap-virtual-text": "plugin_theHamsta_nvim-dap-virtual-text",
        "plugin_tpope_vim-commentary": "plugin_tpope_vim-commentary",
        "plugin_tpope_vim-fugitive": "plugin_tpope_vim-fugitive",
        "plugin_tpope_vim-repeat": "plugin_tpope_vim-repeat",
        "plugin_tpope_vim-sleuth": "plugin_tpope_vim-sleuth",
        "plugin_tpope_vim-speeddating": "plugin_tpope_vim-speeddating",
        "plugin_tpope_vim-surround": "plugin_tpope_vim-surround",
        "plugin_weilbith_nvim-code-action-menu": "plugin_weilbith_nvim-code-action-menu",
        "plugin_windwp_nvim-autopairs": "plugin_windwp_nvim-autopairs",
        "plugin_windwp_nvim-ts-autotag": "plugin_windwp_nvim-ts-autotag"
      }
    }
  },
  "root": "root",
  "version": 7
}
